
Microsoft Visual Studio Solution File, Format Version 12.00
Project("{FAE04EC0-301F-11D3-BF4B-00C04F79EFBC}") = "AreaCalculator", "AreaCalculator\AreaCalculator.csproj", "{ECEC2F81-2182-40B6-A401-0F0F16FB8413}"
EndProject
Global
	GlobalSection(SolutionConfigurationPlatforms) = preSolution
		Debug|Any CPU = Debug|Any CPU
		Release|Any CPU = Release|Any CPU
	EndGlobalSection
	GlobalSection(ProjectConfigurationPlatforms) = postSolution
		{ECEC2F81-2182-40B6-A401-0F0F16FB8413}.Debug|Any CPU.ActiveCfg = Debug|Any CPU
		{ECEC2F81-2182-40B6-A401-0F0F16FB8413}.Debug|Any CPU.Build.0 = Debug|Any CPU
		{ECEC2F81-2182-40B6-A401-0F0F16FB8413}.Release|Any CPU.ActiveCfg = Release|Any CPU
		{ECEC2F81-2182-40B6-A401-0F0F16FB8413}.Release|Any CPU.Build.0 = Release|Any CPU
	EndGlobalSection
EndGlobal
